PODS:
  - JRSwizzle (1.0)
  - UIImage-OverrideableXCAssets (0.1):
    - JRSwizzle (~> 1.0)

DEPENDENCIES:
  - UIImage-OverrideableXCAssets (from `../`)

EXTERNAL SOURCES:
  UIImage-OverrideableXCAssets:
    :path: ../

SPEC CHECKSUMS:
  JRSwizzle: dd5ead5d913a0f29e7f558200165849f006bb1e3
  UIImage-OverrideableXCAssets: c8b33298cc38778e907d3551a4b60d182bd91e82

COCOAPODS: 0.38.2
